// !$*UTF8*$!
{
	archiveVersion = 1;
	classes = {
	};
	objectVersion = 46;
	objects = {

/* Begin PBXBuildFile section */
		174046C117930F0800EB221C /* icon_114.png in Resources */ = {isa = PBXBuildFile; fileRef = 174046C017930F0800EB221C /* icon_114.png */; };
		174046C317930F1000EB221C /* icon_57.png in Resources */ = {isa = PBXBuildFile; fileRef = 174046C217930F1000EB221C /* icon_57.png */; };
		174046C5179321CF00EB221C /* icon_114x114.png in Resources */ = {isa = PBXBuildFile; fileRef = 174046C4179321CF00EB221C /* icon_114x114.png */; };
		174046C71793223300EB221C /* icon_57x57.png in Resources */ = {isa = PBXBuildFile; fileRef = 174046C61793223300EB221C /* icon_57x57.png */; };
		174046CD1793276000EB221C /* bkgrnd_640x960v3.png in Resources */ = {isa = PBXBuildFile; fileRef = 174046CC1793276000EB221C /* bkgrnd_640x960v3.png */; };
		1785200C0000277900DC657F /* UIKit.framework in Frameworks */ = {isa = PBXBuildFile; fileRef = 1785200B0000277900DC657F /* UIKit.framework */; };
		1785200E0000277900DC657F /* Foundation.framework in Frameworks */ = {isa = PBXBuildFile; fileRef = 1785200D0000277900DC657F /* Foundation.framework */; };
		178520100000277900DC657F /* CoreGraphics.framework in Frameworks */ = {isa = PBXBuildFile; fileRef = 1785200F0000277900DC657F /* CoreGraphics.framework */; };
		178520160000277900DC657F /* InfoPlist.strings in Resources */ = {isa = PBXBuildFile; fileRef = 178520140000277900DC657F /* InfoPlist.strings */; };
		178520180000277900DC657F /* main.m in Sources */ = {isa = PBXBuildFile; fileRef = 178520170000277900DC657F /* main.m */; };
		1785201C0000277900DC657F /* AppDelegate.m in Sources */ = {isa = PBXBuildFile; fileRef = 1785201B0000277900DC657F /* AppDelegate.m */; };
		1785201F0000277900DC657F /* ViewController.m in Sources */ = {isa = PBXBuildFile; fileRef = 1785201E0000277900DC657F /* ViewController.m */; };
		178520220000277900DC657F /* ViewController.xib in Resources */ = {isa = PBXBuildFile; fileRef = 178520200000277900DC657F /* ViewController.xib */; };
		A74D642A17924981004F18BC /* LogViewController.m in Sources */ = {isa = PBXBuildFile; fileRef = A74D642817924981004F18BC /* LogViewController.m */; };
		A78F9B3A17924C80004D354C /* LogViewController.xib in Resources */ = {isa = PBXBuildFile; fileRef = A78F9B3917924C80004D354C /* LogViewController.xib */; };
		A78F9B3D17924D91004D354C /* LogViewCell.m in Sources */ = {isa = PBXBuildFile; fileRef = A78F9B3C17924D91004D354C /* LogViewCell.m */; };
		A78F9B3F17924DA7004D354C /* LogViewCell.xib in Resources */ = {isa = PBXBuildFile; fileRef = A78F9B3E17924DA7004D354C /* LogViewCell.xib */; };
		A78F9B41179261FB004D354C /* MessageUI.framework in Frameworks */ = {isa = PBXBuildFile; fileRef = A78F9B40179261FB004D354C /* MessageUI.framework */; };
		A78F9B431792640D004D354C /* Default-568h@2x.png in Resources */ = {isa = PBXBuildFile; fileRef = A78F9B421792640D004D354C /* Default-568h@2x.png */; };
/* End PBXBuildFile section */

/* Begin PBXFileReference section */
		174046C017930F0800EB221C /* icon_114.png */ = {isa = PBXFileReference; lastKnownFileType = image.png; path = icon_114.png; sourceTree = "<group>"; };
		174046C217930F1000EB221C /* icon_57.png */ = {isa = PBXFileReference; lastKnownFileType = image.png; path = icon_57.png; sourceTree = "<group>"; };
		174046C4179321CF00EB221C /* icon_114x114.png */ = {isa = PBXFileReference; lastKnownFileType = image.png; path = icon_114x114.png; sourceTree = "<group>"; };
		174046C61793223300EB221C /* icon_57x57.png */ = {isa = PBXFileReference; lastKnownFileType = image.png; path = icon_57x57.png; sourceTree = "<group>"; };
		174046CC1793276000EB221C /* bkgrnd_640x960v3.png */ = {isa = PBXFileReference; lastKnownFileType = image.png; name = bkgrnd_640x960v3.png; path = ../Downloads/bkgrnd_640x960v3.png; sourceTree = "<group>"; };
		178520070000277800DC657F /* PillMinder.app */ = {isa = PBXFileReference; explicitFileType = wrapper.application; includeInIndex = 0; path = PillMinder.app; sourceTree = BUILT_PRODUCTS_DIR; };
		1785200B0000277900DC657F /* UIKit.framework */ = {isa = PBXFileReference; lastKnownFileType = wrapper.framework; name = UIKit.framework; path = System/Library/Frameworks/UIKit.framework; sourceTree = SDKROOT; };
		1785200D0000277900DC657F /* Foundation.framework */ = {isa = PBXFileReference; lastKnownFileType = wrapper.framework; name = Foundation.framework; path = System/Library/Frameworks/Foundation.framework; sourceTree = SDKROOT; };
		1785200F0000277900DC657F /* CoreGraphics.framework */ = {isa = PBXFileReference; lastKnownFileType = wrapper.framework; name = CoreGraphics.framework; path = System/Library/Frameworks/CoreGraphics.framework; sourceTree = SDKROOT; };
		178520130000277900DC657F /* PillMinder-Info.plist */ = {isa = PBXFileReference; lastKnownFileType = text.plist.xml; path = "PillMinder-Info.plist"; sourceTree = "<group>"; };
		178520150000277900DC657F /* en */ = {isa = PBXFileReference; lastKnownFileType = text.plist.strings; name = en; path = en.lproj/InfoPlist.strings; sourceTree = "<group>"; };
		178520170000277900DC657F /* main.m */ = {isa = PBXFileReference; lastKnownFileType = sourcecode.c.objc; path = main.m; sourceTree = "<group>"; };
		178520190000277900DC657F /* PillMinder-Prefix.pch */ = {isa = PBXFileReference; lastKnownFileType = sourcecode.c.h; path = "PillMinder-Prefix.pch"; sourceTree = "<group>"; };
		1785201A0000277900DC657F /* AppDelegate.h */ = {isa = PBXFileReference; lastKnownFileType = sourcecode.c.h; path = AppDelegate.h; sourceTree = "<group>"; };
		1785201B0000277900DC657F /* AppDelegate.m */ = {isa = PBXFileReference; lastKnownFileType = sourcecode.c.objc; path = AppDelegate.m; sourceTree = "<group>"; };
		1785201D0000277900DC657F /* ViewController.h */ = {isa = PBXFileReference; lastKnownFileType = sourcecode.c.h; path = ViewController.h; sourceTree = "<group>"; };
		1785201E0000277900DC657F /* ViewController.m */ = {isa = PBXFileReference; lastKnownFileType = sourcecode.c.objc; path = ViewController.m; sourceTree = "<group>"; };
		178520210000277900DC657F /* en */ = {isa = PBXFileReference; lastKnownFileType = file.xib; name = en; path = en.lproj/ViewController.xib; sourceTree = "<group>"; };
		A74D642717924981004F18BC /* LogViewController.h */ = {isa = PBXFileReference; fileEncoding = 4; lastKnownFileType = sourcecode.c.h; path = LogViewController.h; sourceTree = "<group>"; };
		A74D642817924981004F18BC /* LogViewController.m */ = {isa = PBXFileReference; fileEncoding = 4; lastKnownFileType = sourcecode.c.objc; path = LogViewController.m; sourceTree = "<group>"; };
		A78F9B3917924C80004D354C /* LogViewController.xib */ = {isa = PBXFileReference; fileEncoding = 4; lastKnownFileType = file.xib; path = LogViewController.xib; sourceTree = "<group>"; };
		A78F9B3B17924D91004D354C /* LogViewCell.h */ = {isa = PBXFileReference; fileEncoding = 4; lastKnownFileType = sourcecode.c.h; path = LogViewCell.h; sourceTree = "<group>"; };
		A78F9B3C17924D91004D354C /* LogViewCell.m */ = {isa = PBXFileReference; fileEncoding = 4; lastKnownFileType = sourcecode.c.objc; path = LogViewCell.m; sourceTree = "<group>"; };
		A78F9B3E17924DA7004D354C /* LogViewCell.xib */ = {isa = PBXFileReference; fileEncoding = 4; lastKnownFileType = file.xib; path = LogViewCell.xib; sourceTree = "<group>"; };
		A78F9B40179261FB004D354C /* MessageUI.framework */ = {isa = PBXFileReference; lastKnownFileType = wrapper.framework; name = MessageUI.framework; path = System/Library/Frameworks/MessageUI.framework; sourceTree = SDKROOT; };
		A78F9B421792640D004D354C /* Default-568h@2x.png */ = {isa = PBXFileReference; lastKnownFileType = image.png; name = "Default-568h@2x.png"; path = "../Default-568h@2x.png"; sourceTree = "<group>"; };
		A78F9B4417930B64004D354C /* Constants.h */ = {isa = PBXFileReference; fileEncoding = 4; lastKnownFileType = sourcecode.c.h; path = Constants.h; sourceTree = "<group>"; };
/* End PBXFileReference section */

/* Begin PBXFrameworksBuildPhase section */
		178520040000277800DC657F /* Frameworks */ = {
			isa = PBXFrameworksBuildPhase;
			buildActionMask = 2147483647;
			files = (
				A78F9B41179261FB004D354C /* MessageUI.framework in Frameworks */,
				1785200C0000277900DC657F /* UIKit.framework in Frameworks */,
				1785200E0000277900DC657F /* Foundation.framework in Frameworks */,
				178520100000277900DC657F /* CoreGraphics.framework in Frameworks */,
			);
			runOnlyForDeploymentPostprocessing = 0;
		};
/* End PBXFrameworksBuildPhase section */

/* Begin PBXGroup section */
		17851FFC0000277800DC657F = {
			isa = PBXGroup;
			children = (
				174046C61793223300EB221C /* icon_57x57.png */,
				174046C4179321CF00EB221C /* icon_114x114.png */,
				174046CC1793276000EB221C /* bkgrnd_640x960v3.png */,
				174046C217930F1000EB221C /* icon_57.png */,
				174046C017930F0800EB221C /* icon_114.png */,
				178520110000277900DC657F /* PillMinder */,
				1785200A0000277800DC657F /* Frameworks */,
				178520080000277800DC657F /* Products */,
			);
			sourceTree = "<group>";
		};
		178520080000277800DC657F /* Products */ = {
			isa = PBXGroup;
			children = (
				178520070000277800DC657F /* PillMinder.app */,
			);
			name = Products;
			sourceTree = "<group>";
		};
		1785200A0000277800DC657F /* Frameworks */ = {
			isa = PBXGroup;
			children = (
				A78F9B40179261FB004D354C /* MessageUI.framework */,
				1785200B0000277900DC657F /* UIKit.framework */,
				1785200D0000277900DC657F /* Foundation.framework */,
				1785200F0000277900DC657F /* CoreGraphics.framework */,
			);
			name = Frameworks;
			sourceTree = "<group>";
		};
		178520110000277900DC657F /* PillMinder */ = {
			isa = PBXGroup;
			children = (
				A78F9B4417930B64004D354C /* Constants.h */,
				1785201A0000277900DC657F /* AppDelegate.h */,
				1785201B0000277900DC657F /* AppDelegate.m */,
				1785201D0000277900DC657F /* ViewController.h */,
				1785201E0000277900DC657F /* ViewController.m */,
				178520200000277900DC657F /* ViewController.xib */,
				A78F9B3817924C49004D354C /* LogViewController */,
				178520120000277900DC657F /* Supporting Files */,
			);
			path = PillMinder;
			sourceTree = "<group>";
		};
		178520120000277900DC657F /* Supporting Files */ = {
			isa = PBXGroup;
			children = (
				A78F9B421792640D004D354C /* Default-568h@2x.png */,
				178520130000277900DC657F /* PillMinder-Info.plist */,
				178520140000277900DC657F /* InfoPlist.strings */,
				178520170000277900DC657F /* main.m */,
				178520190000277900DC657F /* PillMinder-Prefix.pch */,
			);
			name = "Supporting Files";
			sourceTree = "<group>";
		};
		A78F9B3817924C49004D354C /* LogViewController */ = {
			isa = PBXGroup;
			children = (
				A74D642717924981004F18BC /* LogViewController.h */,
				A74D642817924981004F18BC /* LogViewController.m */,
				A78F9B3917924C80004D354C /* LogViewController.xib */,
				A78F9B3B17924D91004D354C /* LogViewCell.h */,
				A78F9B3C17924D91004D354C /* LogViewCell.m */,
				A78F9B3E17924DA7004D354C /* LogViewCell.xib */,
			);
			name = LogViewController;
			sourceTree = "<group>";
		};
/* End PBXGroup section */

/* Begin PBXNativeTarget section */
		178520060000277800DC657F /* PillMinder */ = {
			isa = PBXNativeTarget;
			buildConfigurationList = 178520250000277900DC657F /* Build configuration list for PBXNativeTarget "PillMinder" */;
			buildPhases = (
				178520030000277800DC657F /* Sources */,
				178520040000277800DC657F /* Frameworks */,
				178520050000277800DC657F /* Resources */,
			);
			buildRules = (
			);
			dependencies = (
			);
			name = PillMinder;
			productName = PillMinder;
			productReference = 178520070000277800DC657F /* PillMinder.app */;
			productType = "com.apple.product-type.application";
		};
/* End PBXNativeTarget section */

/* Begin PBXProject section */
		17851FFE0000277800DC657F /* Project object */ = {
			isa = PBXProject;
			attributes = {
				LastUpgradeCheck = 0430;
			};
			buildConfigurationList = 178520010000277800DC657F /* Build configuration list for PBXProject "PillMinder" */;
			compatibilityVersion = "Xcode 3.2";
			developmentRegion = English;
			hasScannedForEncodings = 0;
			knownRegions = (
				en,
			);
			mainGroup = 17851FFC0000277800DC657F;
			productRefGroup = 178520080000277800DC657F /* Products */;
			projectDirPath = "";
			projectRoot = "";
			targets = (
				178520060000277800DC657F /* PillMinder */,
			);
		};
/* End PBXProject section */

/* Begin PBXResourcesBuildPhase section */
		178520050000277800DC657F /* Resources */ = {
			isa = PBXResourcesBuildPhase;
			buildActionMask = 2147483647;
			files = (
				178520160000277900DC657F /* InfoPlist.strings in Resources */,
				178520220000277900DC657F /* ViewController.xib in Resources */,
				A78F9B3A17924C80004D354C /* LogViewController.xib in Resources */,
				A78F9B3F17924DA7004D354C /* LogViewCell.xib in Resources */,
				A78F9B431792640D004D354C /* Default-568h@2x.png in Resources */,
				174046C117930F0800EB221C /* icon_114.png in Resources */,
				174046C317930F1000EB221C /* icon_57.png in Resources */,
				174046C5179321CF00EB221C /* icon_114x114.png in Resources */,
				174046C71793223300EB221C /* icon_57x57.png in Resources */,
				174046CD1793276000EB221C /* bkgrnd_640x960v3.png in Resources */,
			);
			runOnlyForDeploymentPostprocessing = 0;
		};
/* End PBXResourcesBuildPhase section */

/* Begin PBXSourcesBuildPhase section */
		178520030000277800DC657F /* Sources */ = {
			isa = PBXSourcesBuildPhase;
			buildActionMask = 2147483647;
			files = (
				178520180000277900DC657F /* main.m in Sources */,
				1785201C0000277900DC657F /* AppDelegate.m in Sources */,
				1785201F0000277900DC657F /* ViewController.m in Sources */,
				A74D642A17924981004F18BC /* LogViewController.m in Sources */,
				A78F9B3D17924D91004D354C /* LogViewCell.m in Sources */,
			);
			runOnlyForDeploymentPostprocessing = 0;
		};
/* End PBXSourcesBuildPhase section */

/* Begin PBXVariantGroup section */
		178520140000277900DC657F /* InfoPlist.strings */ = {
			isa = PBXVariantGroup;
			children = (
				178520150000277900DC657F /* en */,
			);
			name = InfoPlist.strings;
			sourceTree = "<group>";
		};
		178520200000277900DC657F /* ViewController.xib */ = {
			isa = PBXVariantGroup;
			children = (
				178520210000277900DC657F /* en */,
			);
			name = ViewController.xib;
			sourceTree = "<group>";
		};
/* End PBXVariantGroup section */

/* Begin XCBuildConfiguration section */
		178520230000277900DC657F /* Debug */ = {
			isa = XCBuildConfiguration;
			buildSettings = {
				ALWAYS_SEARCH_USER_PATHS = NO;
				ARCHS = "$(ARCHS_STANDARD_32_BIT)";
				CLANG_ENABLE_OBJC_ARC = YES;
				"CODE_SIGN_IDENTITY[sdk=iphoneos*]" = "iPhone Developer";
				COPY_PHASE_STRIP = NO;
				GCC_C_LANGUAGE_STANDARD = gnu99;
				GCC_DYNAMIC_NO_PIC = NO;
				GCC_OPTIMIZATION_LEVEL = 0;
				GCC_PREPROCESSOR_DEFINITIONS = (
					"DEBUG=1",
					"$(inherited)",
				);
				GCC_SYMBOLS_PRIVATE_EXTERN = NO;
				GCC_VERSION = com.apple.compilers.llvm.clang.1_0;
				GCC_WARN_ABOUT_RETURN_TYPE = YES;
				GCC_WARN_UNINITIALIZED_AUTOS = YES;
				GCC_WARN_UNUSED_VARIABLE = YES;
				IPHONEOS_DEPLOYMENT_TARGET = 5.1;
				SDKROOT = iphoneos;
			};
			name = Debug;
		};
		178520240000277900DC657F /* Release */ = {
			isa = XCBuildConfiguration;
			buildSettings = {
				ALWAYS_SEARCH_USER_PATHS = NO;
				ARCHS = "$(ARCHS_STANDARD_32_BIT)";
				CLANG_ENABLE_OBJC_ARC = YES;
				"CODE_SIGN_IDENTITY[sdk=iphoneos*]" = "iPhone Developer";
				COPY_PHASE_STRIP = YES;
				GCC_C_LANGUAGE_STANDARD = gnu99;
				GCC_VERSION = com.apple.compilers.llvm.clang.1_0;
				GCC_WARN_ABOUT_RETURN_TYPE = YES;
				GCC_WARN_UNINITIALIZED_AUTOS = YES;
				GCC_WARN_UNUSED_VARIABLE = YES;
				IPHONEOS_DEPLOYMENT_TARGET = 5.1;
				OTHER_CFLAGS = "-DNS_BLOCK_ASSERTIONS=1";
				SDKROOT = iphoneos;
				VALIDATE_PRODUCT = YES;
			};
			name = Release;
		};
		178520260000277900DC657F /* Debug */ = {
			isa = XCBuildConfiguration;
			buildSettings = {
				CODE_SIGN_IDENTITY = "iPhone Distribution";
				"CODE_SIGN_IDENTITY[sdk=iphoneos*]" = "iPhone Distribution";
				GCC_PRECOMPILE_PREFIX_HEADER = YES;
				GCC_PREFIX_HEADER = "PillMinder/PillMinder-Prefix.pch";
				INFOPLIST_FILE = "PillMinder/PillMinder-Info.plist";
				IPHONEOS_DEPLOYMENT_TARGET = 6.0;
				PRODUCT_NAME = "$(TARGET_NAME)";
				PROVISIONING_PROFILE = "";
				"PROVISIONING_PROFILE[sdk=iphoneos*]" = "";
				TARGETED_DEVICE_FAMILY = 1;
				WRAPPER_EXTENSION = app;
			};
			name = Debug;
		};
		178520270000277900DC657F /* Release */ = {
			isa = XCBuildConfiguration;
			buildSettings = {
				CODE_SIGN_IDENTITY = "iPhone Distribution";
				"CODE_SIGN_IDENTITY[sdk=iphoneos*]" = "iPhone Distribution";
				GCC_PRECOMPILE_PREFIX_HEADER = YES;
				GCC_PREFIX_HEADER = "PillMinder/PillMinder-Prefix.pch";
				INFOPLIST_FILE = "PillMinder/PillMinder-Info.plist";
				IPHONEOS_DEPLOYMENT_TARGET = 6.0;
				PRODUCT_NAME = "$(TARGET_NAME)";
				PROVISIONING_PROFILE = "";
				"PROVISIONING_PROFILE[sdk=iphoneos*]" = "";
				TARGETED_DEVICE_FAMILY = 1;
				WRAPPER_EXTENSION = app;
			};
			name = Release;
		};
/* End XCBuildConfiguration section */

/* Begin XCConfigurationList section */
		178520010000277800DC657F /* Build configuration list for PBXProject "PillMinder" */ = {
			isa = XCConfigurationList;
			buildConfigurations = (
				178520230000277900DC657F /* Debug */,
				178520240000277900DC657F /* Release */,
			);
			defaultConfigurationIsVisible = 0;
			defaultConfigurationName = Release;
		};
		178520250000277900DC657F /* Build configuration list for PBXNativeTarget "PillMinder" */ = {
			isa = XCConfigurationList;
			buildConfigurations = (
				178520260000277900DC657F /* Debug */,
				178520270000277900DC657F /* Release */,
			);
			defaultConfigurationIsVisible = 0;
			defaultConfigurationName = Release;
		};
/* End XCConfigurationList section */
	};
	rootObject = 17851FFE0000277800DC657F /* Project object */;
}
